
Microsoft Visual Studio Solution File, Format Version 12.00
# Visual Studio Version 16
VisualStudioVersion = 16.0.29911.84
MinimumVisualStudioVersion = 10.0.40219.1
Project("{6EC3EE1D-3C4E-46DD-8F32-0CC8E7565705}") = "capstone_2", "capstone_2\capstone_2.fsproj", "{903CFD54-2004-47FA-A6F1-CE6959034938}"
EndProject
Global
	GlobalSection(SolutionConfigurationPlatforms) = preSolution
		Debug|Any CPU = Debug|Any CPU
		Release|Any CPU = Release|Any CPU
	EndGlobalSection
	GlobalSection(ProjectConfigurationPlatforms) = postSolution
		{903CFD54-2004-47FA-A6F1-CE6959034938}.Debug|Any CPU.ActiveCfg = Debug|Any CPU
		{903CFD54-2004-47FA-A6F1-CE6959034938}.Debug|Any CPU.Build.0 = Debug|Any CPU
		{903CFD54-2004-47FA-A6F1-CE6959034938}.Release|Any CPU.ActiveCfg = Release|Any CPU
		{903CFD54-2004-47FA-A6F1-CE6959034938}.Release|Any CPU.Build.0 = Release|Any CPU
	EndGlobalSection
	GlobalSection(SolutionProperties) = preSolution
		HideSolutionNode = FALSE
	EndGlobalSection
	GlobalSection(ExtensibilityGlobals) = postSolution
		SolutionGuid = {EC6E7802-9F56-41DC-A079-02847519C05C}
	EndGlobalSection
EndGlobal
